# This file is automatically @generated by Cargo.
# It is not intended for manual editing.
version = 3

[[package]]
name = "env-loader"
version = "0.1.0"
source = "git+https://github.com/jm-alan/env-loader#e7ee0d0c53508266737cc83b0ec5418947fb8944"

[[package]]
name = "simple-server"
version = "0.1.0"
dependencies = [
 "env-loader",
]
